
Microsoft Visual Studio Solution File, Format Version 12.00
# Visual Studio Version 16
VisualStudioVersion = 16.0.30611.23
MinimumVisualStudioVersion = 10.0.40219.1
Project("{FAE04EC0-301F-11D3-BF4B-00C04F79EFBC}") = "PersonalAgenda.Android", "PersonalAgenda.Android\PersonalAgenda.Android.csproj", "{22D0ADD6-D198-4297-A4CE-BD1A97314DF3}"
EndProject
Project("{FAE04EC0-301F-11D3-BF4B-00C04F79EFBC}") = "PersonalAgenda.iOS", "PersonalAgenda.iOS\PersonalAgenda.iOS.csproj", "{D64273BD-6D3B-4CCB-90AF-1604F82B56D6}"
EndProject
Project("{FAE04EC0-301F-11D3-BF4B-00C04F79EFBC}") = "PersonalAgenda", "PersonalAgenda\PersonalAgenda.csproj", "{377C14BA-59AB-4185-B82D-C8C42197C4E2}"
EndProject
Global
	GlobalSection(SolutionConfigurationPlatforms) = preSolution
		Debug|Any CPU = Debug|Any CPU
		Debug|iPhone = Debug|iPhone
		Debug|iPhoneSimulator = Debug|iPhoneSimulator
		Release|Any CPU = Release|Any CPU
		Release|iPhone = Release|iPhone
		Release|iPhoneSimulator = Release|iPhoneSimulator
	EndGlobalSection
	GlobalSection(ProjectConfigurationPlatforms) = postSolution
		{22D0ADD6-D198-4297-A4CE-BD1A97314DF3}.Debug|Any CPU.ActiveCfg = Debug|Any CPU
		{22D0ADD6-D198-4297-A4CE-BD1A97314DF3}.Debug|Any CPU.Build.0 = Debug|Any CPU
		{22D0ADD6-D198-4297-A4CE-BD1A97314DF3}.Debug|Any CPU.Deploy.0 = Debug|Any CPU
		{22D0ADD6-D198-4297-A4CE-BD1A97314DF3}.Debug|iPhone.ActiveCfg = Debug|Any CPU
		{22D0ADD6-D198-4297-A4CE-BD1A97314DF3}.Debug|iPhone.Build.0 = Debug|Any CPU
		{22D0ADD6-D198-4297-A4CE-BD1A97314DF3}.Debug|iPhone.Deploy.0 = Debug|Any CPU
		{22D0ADD6-D198-4297-A4CE-BD1A97314DF3}.Debug|iPhoneSimulator.ActiveCfg = Debug|Any CPU
		{22D0ADD6-D198-4297-A4CE-BD1A97314DF3}.Debug|iPhoneSimulator.Build.0 = Debug|Any CPU
		{22D0ADD6-D198-4297-A4CE-BD1A97314DF3}.Debug|iPhoneSimulator.Deploy.0 = Debug|Any CPU
		{22D0ADD6-D198-4297-A4CE-BD1A97314DF3}.Release|Any CPU.ActiveCfg = Release|Any CPU
		{22D0ADD6-D198-4297-A4CE-BD1A97314DF3}.Release|Any CPU.Build.0 = Release|Any CPU
		{22D0ADD6-D198-4297-A4CE-BD1A97314DF3}.Release|Any CPU.Deploy.0 = Release|Any CPU
		{22D0ADD6-D198-4297-A4CE-BD1A97314DF3}.Release|iPhone.ActiveCfg = Release|Any CPU
		{22D0ADD6-D198-4297-A4CE-BD1A97314DF3}.Release|iPhone.Build.0 = Release|Any CPU
		{22D0ADD6-D198-4297-A4CE-BD1A97314DF3}.Release|iPhone.Deploy.0 = Release|Any CPU
		{22D0ADD6-D198-4297-A4CE-BD1A97314DF3}.Release|iPhoneSimulator.ActiveCfg = Release|Any CPU
		{22D0ADD6-D198-4297-A4CE-BD1A97314DF3}.Release|iPhoneSimulator.Build.0 = Release|Any CPU
		{22D0ADD6-D198-4297-A4CE-BD1A97314DF3}.Release|iPhoneSimulator.Deploy.0 = Release|Any CPU
		{D64273BD-6D3B-4CCB-90AF-1604F82B56D6}.Debug|Any CPU.ActiveCfg = Debug|iPhone
		{D64273BD-6D3B-4CCB-90AF-1604F82B56D6}.Debug|Any CPU.Build.0 = Debug|iPhone
		{D64273BD-6D3B-4CCB-90AF-1604F82B56D6}.Debug|Any CPU.Deploy.0 = Debug|iPhone
		{D64273BD-6D3B-4CCB-90AF-1604F82B56D6}.Debug|iPhone.ActiveCfg = Debug|iPhone
		{D64273BD-6D3B-4CCB-90AF-1604F82B56D6}.Debug|iPhone.Build.0 = Debug|iPhone
		{D64273BD-6D3B-4CCB-90AF-1604F82B56D6}.Debug|iPhone.Deploy.0 = Debug|iPhone
		{D64273BD-6D3B-4CCB-90AF-1604F82B56D6}.Debug|iPhoneSimulator.ActiveCfg = Debug|iPhoneSimulator
		{D64273BD-6D3B-4CCB-90AF-1604F82B56D6}.Debug|iPhoneSimulator.Build.0 = Debug|iPhoneSimulator
		{D64273BD-6D3B-4CCB-90AF-1604F82B56D6}.Debug|iPhoneSimulator.Deploy.0 = Debug|iPhoneSimulator
		{D64273BD-6D3B-4CCB-90AF-1604F82B56D6}.Release|Any CPU.ActiveCfg = Release|iPhoneSimulator
		{D64273BD-6D3B-4CCB-90AF-1604F82B56D6}.Release|Any CPU.Build.0 = Release|iPhoneSimulator
		{D64273BD-6D3B-4CCB-90AF-1604F82B56D6}.Release|Any CPU.Deploy.0 = Release|iPhoneSimulator
		{D64273BD-6D3B-4CCB-90AF-1604F82B56D6}.Release|iPhone.ActiveCfg = Release|iPhone
		{D64273BD-6D3B-4CCB-90AF-1604F82B56D6}.Release|iPhone.Build.0 = Release|iPhone
		{D64273BD-6D3B-4CCB-90AF-1604F82B56D6}.Release|iPhone.Deploy.0 = Release|iPhone
		{D64273BD-6D3B-4CCB-90AF-1604F82B56D6}.Release|iPhoneSimulator.ActiveCfg = Release|iPhoneSimulator
		{D64273BD-6D3B-4CCB-90AF-1604F82B56D6}.Release|iPhoneSimulator.Build.0 = Release|iPhoneSimulator
		{D64273BD-6D3B-4CCB-90AF-1604F82B56D6}.Release|iPhoneSimulator.Deploy.0 = Release|iPhoneSimulator
		{377C14BA-59AB-4185-B82D-C8C42197C4E2}.Debug|Any CPU.ActiveCfg = Debug|Any CPU
		{377C14BA-59AB-4185-B82D-C8C42197C4E2}.Debug|Any CPU.Build.0 = Debug|Any CPU
		{377C14BA-59AB-4185-B82D-C8C42197C4E2}.Debug|Any CPU.Deploy.0 = Debug|Any CPU
		{377C14BA-59AB-4185-B82D-C8C42197C4E2}.Debug|iPhone.ActiveCfg = Debug|Any CPU
		{377C14BA-59AB-4185-B82D-C8C42197C4E2}.Debug|iPhone.Build.0 = Debug|Any CPU
		{377C14BA-59AB-4185-B82D-C8C42197C4E2}.Debug|iPhone.Deploy.0 = Debug|Any CPU
		{377C14BA-59AB-4185-B82D-C8C42197C4E2}.Debug|iPhoneSimulator.ActiveCfg = Debug|Any CPU
		{377C14BA-59AB-4185-B82D-C8C42197C4E2}.Debug|iPhoneSimulator.Build.0 = Debug|Any CPU
		{377C14BA-59AB-4185-B82D-C8C42197C4E2}.Debug|iPhoneSimulator.Deploy.0 = Debug|Any CPU
		{377C14BA-59AB-4185-B82D-C8C42197C4E2}.Release|Any CPU.ActiveCfg = Release|Any CPU
		{377C14BA-59AB-4185-B82D-C8C42197C4E2}.Release|Any CPU.Build.0 = Release|Any CPU
		{377C14BA-59AB-4185-B82D-C8C42197C4E2}.Release|Any CPU.Deploy.0 = Release|Any CPU
		{377C14BA-59AB-4185-B82D-C8C42197C4E2}.Release|iPhone.ActiveCfg = Release|Any CPU
		{377C14BA-59AB-4185-B82D-C8C42197C4E2}.Release|iPhone.Build.0 = Release|Any CPU
		{377C14BA-59AB-4185-B82D-C8C42197C4E2}.Release|iPhone.Deploy.0 = Release|Any CPU
		{377C14BA-59AB-4185-B82D-C8C42197C4E2}.Release|iPhoneSimulator.ActiveCfg = Release|Any CPU
		{377C14BA-59AB-4185-B82D-C8C42197C4E2}.Release|iPhoneSimulator.Build.0 = Release|Any CPU
		{377C14BA-59AB-4185-B82D-C8C42197C4E2}.Release|iPhoneSimulator.Deploy.0 = Release|Any CPU
	EndGlobalSection
	GlobalSection(SolutionProperties) = preSolution
		HideSolutionNode = FALSE
	EndGlobalSection
	GlobalSection(ExtensibilityGlobals) = postSolution
		SolutionGuid = {506A573F-901A-4159-A0AD-7CDDF3268C79}
	EndGlobalSection
EndGlobal
